
Microsoft Visual Studio Solution File, Format Version 12.00
# Visual Studio Version 16
VisualStudioVersion = 16.0.30404.54
MinimumVisualStudioVersion = 10.0.40219.1
Project("{9A19103F-16F7-4668-BE54-9A1E7A4F7556}") = "BTCBlazor.Server", "Server\BTCBlazor.Server.csproj", "{FFA886D2-67AE-486E-BBBE-CB7077DE372D}"
EndProject
Project("{9A19103F-16F7-4668-BE54-9A1E7A4F7556}") = "BTCBlazor.Client", "Client\BTCBlazor.Client.csproj", "{00DADDB8-E412-47C5-B7FD-88B936CE3970}"
EndProject
Project("{9A19103F-16F7-4668-BE54-9A1E7A4F7556}") = "BTCBlazor.Shared", "Shared\BTCBlazor.Shared.csproj", "{3C449FB3-A258-4B62-97AA-BEDDE0BF0A48}"
EndProject
Project("{9A19103F-16F7-4668-BE54-9A1E7A4F7556}") = "BTCBlazor.ClientTests", "BTCBlazor.ClientTests\BTCBlazor.ClientTests.csproj", "{447FE8D4-3117-4577-8380-DD9F35DB4389}"
EndProject
Project("{E53339B2-1760-4266-BCC7-CA923CBCF16C}") = "docker-compose", "docker-compose.dcproj", "{00F2B555-B8D4-4039-B8E2-4DDDBBAC778C}"
EndProject
Project("{2150E333-8FDC-42A3-9474-1A3956D46DE8}") = "Solution Items", "Solution Items", "{0CD3FB10-A53F-4A6D-A93D-4726BE332CB6}"
	ProjectSection(SolutionItems) = preProject
		..\.vsts-ci.yml = ..\.vsts-ci.yml
		..\azure-pipelines-kubenetes.yml = ..\azure-pipelines-kubenetes.yml
		..\azure-pipelines.yml = ..\azure-pipelines.yml
		Dockerfile = Dockerfile
		Dockerfile.build = Dockerfile.build
	EndProjectSection
EndProject
Global
	GlobalSection(SolutionConfigurationPlatforms) = preSolution
		Debug|Any CPU = Debug|Any CPU
		Release|Any CPU = Release|Any CPU
	EndGlobalSection
	GlobalSection(ProjectConfigurationPlatforms) = postSolution
		{FFA886D2-67AE-486E-BBBE-CB7077DE372D}.Debug|Any CPU.ActiveCfg = Debug|Any CPU
		{FFA886D2-67AE-486E-BBBE-CB7077DE372D}.Debug|Any CPU.Build.0 = Debug|Any CPU
		{FFA886D2-67AE-486E-BBBE-CB7077DE372D}.Release|Any CPU.ActiveCfg = Release|Any CPU
		{FFA886D2-67AE-486E-BBBE-CB7077DE372D}.Release|Any CPU.Build.0 = Release|Any CPU
		{00DADDB8-E412-47C5-B7FD-88B936CE3970}.Debug|Any CPU.ActiveCfg = Debug|Any CPU
		{00DADDB8-E412-47C5-B7FD-88B936CE3970}.Debug|Any CPU.Build.0 = Debug|Any CPU
		{00DADDB8-E412-47C5-B7FD-88B936CE3970}.Release|Any CPU.ActiveCfg = Release|Any CPU
		{00DADDB8-E412-47C5-B7FD-88B936CE3970}.Release|Any CPU.Build.0 = Release|Any CPU
		{3C449FB3-A258-4B62-97AA-BEDDE0BF0A48}.Debug|Any CPU.ActiveCfg = Debug|Any CPU
		{3C449FB3-A258-4B62-97AA-BEDDE0BF0A48}.Debug|Any CPU.Build.0 = Debug|Any CPU
		{3C449FB3-A258-4B62-97AA-BEDDE0BF0A48}.Release|Any CPU.ActiveCfg = Release|Any CPU
		{3C449FB3-A258-4B62-97AA-BEDDE0BF0A48}.Release|Any CPU.Build.0 = Release|Any CPU
		{447FE8D4-3117-4577-8380-DD9F35DB4389}.Debug|Any CPU.ActiveCfg = Debug|Any CPU
		{447FE8D4-3117-4577-8380-DD9F35DB4389}.Debug|Any CPU.Build.0 = Debug|Any CPU
		{447FE8D4-3117-4577-8380-DD9F35DB4389}.Release|Any CPU.ActiveCfg = Release|Any CPU
		{447FE8D4-3117-4577-8380-DD9F35DB4389}.Release|Any CPU.Build.0 = Release|Any CPU
		{00F2B555-B8D4-4039-B8E2-4DDDBBAC778C}.Debug|Any CPU.ActiveCfg = Debug|Any CPU
		{00F2B555-B8D4-4039-B8E2-4DDDBBAC778C}.Debug|Any CPU.Build.0 = Debug|Any CPU
		{00F2B555-B8D4-4039-B8E2-4DDDBBAC778C}.Release|Any CPU.ActiveCfg = Release|Any CPU
		{00F2B555-B8D4-4039-B8E2-4DDDBBAC778C}.Release|Any CPU.Build.0 = Release|Any CPU
	EndGlobalSection
	GlobalSection(SolutionProperties) = preSolution
		HideSolutionNode = FALSE
	EndGlobalSection
	GlobalSection(ExtensibilityGlobals) = postSolution
		SolutionGuid = {5D77455E-4708-4DAF-B03B-CD91BFDEBB36}
	EndGlobalSection
EndGlobal
